
Microsoft Visual Studio Solution File, Format Version 12.00
# Visual Studio Version 17
VisualStudioVersion = 17.7.34031.279
MinimumVisualStudioVersion = 10.0.40219.1
Project("{8BC9CEB8-8B4A-11D0-8D11-00A0C91BC942}") = "UF2-P2-M5-NachoGarcia", "UF2-P2-M5-NachoGarcia\UF2-P2-M5-NachoGarcia.vcxproj", "{F16C9F27-9BB8-4AA8-9276-A5009E6427B1}"
EndProject
Global
	GlobalSection(SolutionConfigurationPlatforms) = preSolution
		Debug|x64 = Debug|x64
		Debug|x86 = Debug|x86
		Release|x64 = Release|x64
		Release|x86 = Release|x86
	EndGlobalSection
	GlobalSection(ProjectConfigurationPlatforms) = postSolution
		{F16C9F27-9BB8-4AA8-9276-A5009E6427B1}.Debug|x64.ActiveCfg = Debug|x64
		{F16C9F27-9BB8-4AA8-9276-A5009E6427B1}.Debug|x64.Build.0 = Debug|x64
		{F16C9F27-9BB8-4AA8-9276-A5009E6427B1}.Debug|x86.ActiveCfg = Debug|Win32
		{F16C9F27-9BB8-4AA8-9276-A5009E6427B1}.Debug|x86.Build.0 = Debug|Win32
		{F16C9F27-9BB8-4AA8-9276-A5009E6427B1}.Release|x64.ActiveCfg = Release|x64
		{F16C9F27-9BB8-4AA8-9276-A5009E6427B1}.Release|x64.Build.0 = Release|x64
		{F16C9F27-9BB8-4AA8-9276-A5009E6427B1}.Release|x86.ActiveCfg = Release|Win32
		{F16C9F27-9BB8-4AA8-9276-A5009E6427B1}.Release|x86.Build.0 = Release|Win32
	EndGlobalSection
	GlobalSection(SolutionProperties) = preSolution
		HideSolutionNode = FALSE
	EndGlobalSection
	GlobalSection(ExtensibilityGlobals) = postSolution
		SolutionGuid = {B7E2B65D-206D-423D-BF50-7A6AFEB2A704}
	EndGlobalSection
EndGlobal
